// !$*UTF8*$!
{
	archiveVersion = 1;
	classes = {
	};
	objectVersion = 60;
	objects = {

/* Begin PBXBuildFile section */
		100000000000000000000001 /* YARMI2ProofApp.swift in Sources */ = {isa = PBXBuildFile; fileRef = 200000000000000000000001 /* YARMI2ProofApp.swift */; };
		100000000000000000000002 /* ContentView.swift in Sources */ = {isa = PBXBuildFile; fileRef = 200000000000000000000002 /* ContentView.swift */; };
		100000000000000000000003 /* ARYarmiView.swift in Sources */ = {isa = PBXBuildFile; fileRef = 200000000000000000000003 /* ARYarmiView.swift */; };
		100000000000000000000004 /* MiniYarmi.swift in Sources */ = {isa = PBXBuildFile; fileRef = 200000000000000000000004 /* MiniYarmi.swift */; };
		100000000000000000000005 /* ToneEngine.swift in Sources */ = {isa = PBXBuildFile; fileRef = 200000000000000000000005 /* ToneEngine.swift */; };
/* End PBXBuildFile section */

/* Begin PBXFileReference section */
		200000000000000000000001 /* YARMI2ProofApp.swift */ = {isa = PBXFileReference; lastKnownFileType = sourcecode.swift; path = YARMI2ProofApp.swift; sourceTree = "<group>"; };
		200000000000000000000002 /* ContentView.swift */ = {isa = PBXFileReference; lastKnownFileType = sourcecode.swift; path = ContentView.swift; sourceTree = "<group>"; };
		200000000000000000000003 /* ARYarmiView.swift */ = {isa = PBXFileReference; lastKnownFileType = sourcecode.swift; path = ARYarmiView.swift; sourceTree = "<group>"; };
		200000000000000000000004 /* MiniYarmi.swift */ = {isa = PBXFileReference; lastKnownFileType = sourcecode.swift; path = MiniYarmi.swift; sourceTree = "<group>"; };
		200000000000000000000005 /* ToneEngine.swift */ = {isa = PBXFileReference; lastKnownFileType = sourcecode.swift; path = ToneEngine.swift; sourceTree = "<group>"; };
		200000000000000000000006 /* YARMI2Proof.app */ = {isa = PBXFileReference; explicitFileType = wrapper.application; includeInIndex = 0; path = YARMI2Proof.app; sourceTree = BUILT_PRODUCTS_DIR; };
/* End PBXFileReference section */

/* Begin PBXFrameworksBuildPhase section */
		300000000000000000000001 /* Frameworks */ = {
			isa = PBXFrameworksBuildPhase;
			buildActionMask = 2147483647;
			files = (
			);
			runOnlyForDeploymentPostprocessing = 0;
		};
/* End PBXFrameworksBuildPhase section */

/* Begin PBXGroup section */
		400000000000000000000001 = {
			isa = PBXGroup;
			children = (
				400000000000000000000002 /* YARMI2Proof */,
				400000000000000000000003 /* Products */,
			);
			sourceTree = "<group>";
		};
		400000000000000000000002 /* YARMI2Proof */ = {
			isa = PBXGroup;
			children = (
				200000000000000000000001 /* YARMI2ProofApp.swift */,
				200000000000000000000002 /* ContentView.swift */,
				200000000000000000000003 /* ARYarmiView.swift */,
				200000000000000000000004 /* MiniYarmi.swift */,
				200000000000000000000005 /* ToneEngine.swift */,
			);
			path = YARMI2Proof;
			sourceTree = "<group>";
		};
		400000000000000000000003 /* Products */ = {
			isa = PBXGroup;
			children = (
				200000000000000000000006 /* YARMI2Proof.app */,
			);
			name = Products;
			sourceTree = "<group>";
		};
/* End PBXGroup section */

/* Begin PBXNativeTarget section */
		500000000000000000000001 /* YARMI2Proof */ = {
			isa = PBXNativeTarget;
			buildConfigurationList = 900000000000000000000002 /* Build configuration list for PBXNativeTarget "YARMI2Proof" */;
			buildPhases = (
				700000000000000000000001 /* Sources */,
				300000000000000000000001 /* Frameworks */,
				800000000000000000000001 /* Resources */,
			);
			buildRules = (
			);
			dependencies = (
			);
			name = YARMI2Proof;
			productName = YARMI2Proof;
			productReference = 200000000000000000000006 /* YARMI2Proof.app */;
			productType = "com.apple.product-type.application";
		};
/* End PBXNativeTarget section */

/* Begin PBXProject section */
		600000000000000000000001 /* Project object */ = {
			isa = PBXProject;
			attributes = {
				BuildIndependentTargetsInParallel = 1;
				LastSwiftUpdateCheck = 1600;
				LastUpgradeCheck = 1600;
				TargetAttributes = {
					500000000000000000000001 = {
						CreatedOnToolsVersion = 16.0;
					};
				};
			};
			buildConfigurationList = 900000000000000000000001 /* Build configuration list for PBXProject "YARMI2Proof" */;
			compatibilityVersion = "Xcode 15.0";
			developmentRegion = en;
			hasScannedForEncodings = 0;
			knownRegions = (
				en,
				Base,
			);
			mainGroup = 400000000000000000000001;
			productRefGroup = 400000000000000000000003 /* Products */;
			projectDirPath = "";
			projectRoot = "";
			targets = (
				500000000000000000000001 /* YARMI2Proof */,
			);
		};
/* End PBXProject section */

/* Begin PBXResourcesBuildPhase section */
		800000000000000000000001 /* Resources */ = {
			isa = PBXResourcesBuildPhase;
			buildActionMask = 2147483647;
			files = (
			);
			runOnlyForDeploymentPostprocessing = 0;
		};
/* End PBXResourcesBuildPhase section */

/* Begin PBXSourcesBuildPhase section */
		700000000000000000000001 /* Sources */ = {
			isa = PBXSourcesBuildPhase;
			buildActionMask = 2147483647;
			files = (
				100000000000000000000001 /* YARMI2ProofApp.swift in Sources */,
				100000000000000000000002 /* ContentView.swift in Sources */,
				100000000000000000000003 /* ARYarmiView.swift in Sources */,
				100000000000000000000004 /* MiniYarmi.swift in Sources */,
				100000000000000000000005 /* ToneEngine.swift in Sources */,
			);
			runOnlyForDeploymentPostprocessing = 0;
		};
/* End PBXSourcesBuildPhase section */

/* Begin XCBuildConfiguration section */
		A00000000000000000000001 /* Debug */ = {
			isa = XCBuildConfiguration;
			buildSettings = {
				ALWAYS_SEARCH_USER_PATHS = NO;
				CLANG_ANALYZER_NONNULL = YES;
				CLANG_ENABLE_MODULES = YES;
				CLANG_ENABLE_OBJC_ARC = YES;
				CLANG_WARN_BOOL_CONVERSION = YES;
				CLANG_WARN_CONSTANT_CONVERSION = YES;
				CLANG_WARN_UNREACHABLE_CODE = YES;
				DEBUG_INFORMATION_FORMAT = dwarf;
				ENABLE_TESTABILITY = YES;
				GCC_C_LANGUAGE_STANDARD = gnu17;
				GCC_OPTIMIZATION_LEVEL = 0;
				GCC_PREPROCESSOR_DEFINITIONS = (
					"DEBUG=1",
					"$(inherited)",
				);
				IPHONEOS_DEPLOYMENT_TARGET = 17.0;
				ONLY_ACTIVE_ARCH = YES;
				SDKROOT = iphoneos;
				SWIFT_ACTIVE_COMPILATION_CONDITIONS = "DEBUG $(inherited)";
				SWIFT_OPTIMIZATION_LEVEL = "-Onone";
			};
			name = Debug;
		};
		A00000000000000000000002 /* Release */ = {
			isa = XCBuildConfiguration;
			buildSettings = {
				ALWAYS_SEARCH_USER_PATHS = NO;
				CLANG_ANALYZER_NONNULL = YES;
				CLANG_ENABLE_MODULES = YES;
				CLANG_ENABLE_OBJC_ARC = YES;
				CLANG_WARN_BOOL_CONVERSION = YES;
				CLANG_WARN_CONSTANT_CONVERSION = YES;
				CLANG_WARN_UNREACHABLE_CODE = YES;
				DEBUG_INFORMATION_FORMAT = "dwarf-with-dsym";
				GCC_C_LANGUAGE_STANDARD = gnu17;
				IPHONEOS_DEPLOYMENT_TARGET = 17.0;
				SDKROOT = iphoneos;
				SWIFT_COMPILATION_MODE = wholemodule;
				VALIDATE_PRODUCT = YES;
			};
			name = Release;
		};
		A00000000000000000000003 /* Debug */ = {
			isa = XCBuildConfiguration;
			buildSettings = {
				CODE_SIGN_STYLE = Automatic;
				CURRENT_PROJECT_VERSION = 1;
				GENERATE_INFOPLIST_FILE = YES;
				INFOPLIST_KEY_NSCameraUsageDescription = "YARMI 2 uses the camera to place musical entities in augmented reality.";
				INFOPLIST_KEY_UILaunchScreen_Generation = YES;
				INFOPLIST_KEY_UIApplicationSupportsIndirectInputEvents = YES;
				LD_RUNPATH_SEARCH_PATHS = (
					"$(inherited)",
					"@executable_path/Frameworks",
				);
				MARKETING_VERSION = 0.0.1;
				PRODUCT_BUNDLE_IDENTIFIER = net.laurenzo.yarmi2proof;
				PRODUCT_NAME = "$(TARGET_NAME)";
				SUPPORTED_PLATFORMS = "iphoneos iphonesimulator";
				SUPPORTS_MACCATALYST = NO;
				SWIFT_EMIT_LOC_STRINGS = YES;
				SWIFT_STRICT_CONCURRENCY = minimal;
				SWIFT_VERSION = 5.0;
				TARGETED_DEVICE_FAMILY = "1,2";
			};
			name = Debug;
		};
		A00000000000000000000004 /* Release */ = {
			isa = XCBuildConfiguration;
			buildSettings = {
				CODE_SIGN_STYLE = Automatic;
				CURRENT_PROJECT_VERSION = 1;
				GENERATE_INFOPLIST_FILE = YES;
				INFOPLIST_KEY_NSCameraUsageDescription = "YARMI 2 uses the camera to place musical entities in augmented reality.";
				INFOPLIST_KEY_UILaunchScreen_Generation = YES;
				INFOPLIST_KEY_UIApplicationSupportsIndirectInputEvents = YES;
				LD_RUNPATH_SEARCH_PATHS = (
					"$(inherited)",
					"@executable_path/Frameworks",
				);
				MARKETING_VERSION = 0.0.1;
				PRODUCT_BUNDLE_IDENTIFIER = net.laurenzo.yarmi2proof;
				PRODUCT_NAME = "$(TARGET_NAME)";
				SUPPORTED_PLATFORMS = "iphoneos iphonesimulator";
				SUPPORTS_MACCATALYST = NO;
				SWIFT_EMIT_LOC_STRINGS = YES;
				SWIFT_STRICT_CONCURRENCY = minimal;
				SWIFT_VERSION = 5.0;
				TARGETED_DEVICE_FAMILY = "1,2";
			};
			name = Release;
		};
/* End XCBuildConfiguration section */

/* Begin XCConfigurationList section */
		900000000000000000000001 /* Build configuration list for PBXProject "YARMI2Proof" */ = {
			isa = XCConfigurationList;
			buildConfigurations = (
				A00000000000000000000001 /* Debug */,
				A00000000000000000000002 /* Release */,
			);
			defaultConfigurationIsVisible = 0;
			defaultConfigurationName = Release;
		};
		900000000000000000000002 /* Build configuration list for PBXNativeTarget "YARMI2Proof" */ = {
			isa = XCConfigurationList;
			buildConfigurations = (
				A00000000000000000000003 /* Debug */,
				A00000000000000000000004 /* Release */,
			);
			defaultConfigurationIsVisible = 0;
			defaultConfigurationName = Release;
		};
/* End XCConfigurationList section */
	};
	rootObject = 600000000000000000000001 /* Project object */;
}
